
Microsoft Visual Studio Solution File, Format Version 12.00
# Visual Studio Version 16
VisualStudioVersion = 16.0.28803.352
MinimumVisualStudioVersion = 10.0.40219.1
Project("{FAE04EC0-301F-11D3-BF4B-00C04F79EFBC}") = "studentExercises", "studentExercises\studentExercises.csproj", "{272C0F15-2C81-487B-93FE-DC5098696CCB}"
EndProject
Global
	GlobalSection(SolutionConfigurationPlatforms) = preSolution
		Debug|Any CPU = Debug|Any CPU
		Release|Any CPU = Release|Any CPU
	EndGlobalSection
	GlobalSection(ProjectConfigurationPlatforms) = postSolution
		{272C0F15-2C81-487B-93FE-DC5098696CCB}.Debug|Any CPU.ActiveCfg = Debug|Any CPU
		{272C0F15-2C81-487B-93FE-DC5098696CCB}.Debug|Any CPU.Build.0 = Debug|Any CPU
		{272C0F15-2C81-487B-93FE-DC5098696CCB}.Release|Any CPU.ActiveCfg = Release|Any CPU
		{272C0F15-2C81-487B-93FE-DC5098696CCB}.Release|Any CPU.Build.0 = Release|Any CPU
	EndGlobalSection
	GlobalSection(SolutionProperties) = preSolution
		HideSolutionNode = FALSE
	EndGlobalSection
	GlobalSection(ExtensibilityGlobals) = postSolution
		SolutionGuid = {FFF3A27D-7C3C-425A-A04A-9B248F93677E}
	EndGlobalSection
EndGlobal
